// !$*UTF8*$!
{
	archiveVersion = 1;
	classes = {
	};
	objectVersion = 56;
	objects = {

/* Begin PBXBuildFile section */
		2E2FB6D42C2A7D51007C9527 /* APIManager.swift in Sources */ = {isa = PBXBuildFile; fileRef = 2E2FB6D32C2A7D51007C9527 /* APIManager.swift */; };
		2E2FB6DD2C2ABAB0007C9527 /* SQLite in Frameworks */ = {isa = PBXBuildFile; productRef = 2E2FB6DC2C2ABAB0007C9527 /* SQLite */; };
		2E2FB6E02C2ABB32007C9527 /* DBManager.swift in Sources */ = {isa = PBXBuildFile; fileRef = 2E2FB6DF2C2ABB32007C9527 /* DBManager.swift */; };
		2E2FB6E22C2ABF2D007C9527 /* PurchaseItem.swift in Sources */ = {isa = PBXBuildFile; fileRef = 2E2FB6E12C2ABF2D007C9527 /* PurchaseItem.swift */; };
		2E52F5542BF0FC5500AC9A68 /* TodoSwiftApp.swift in Sources */ = {isa = PBXBuildFile; fileRef = 2E52F5532BF0FC5500AC9A68 /* TodoSwiftApp.swift */; };
		2E52F5582BF0FC5A00AC9A68 /* Assets.xcassets in Resources */ = {isa = PBXBuildFile; fileRef = 2E52F5572BF0FC5A00AC9A68 /* Assets.xcassets */; };
		2E52F55C2BF0FC5A00AC9A68 /* Preview Assets.xcassets in Resources */ = {isa = PBXBuildFile; fileRef = 2E52F55B2BF0FC5A00AC9A68 /* Preview Assets.xcassets */; };
		2E91E8A32C2AC058000BFDDF /* ProductList.plist in Resources */ = {isa = PBXBuildFile; fileRef = 2E91E8A02C2AC057000BFDDF /* ProductList.plist */; };
		2E91E8A42C2AC058000BFDDF /* StoreKitManager.swift in Sources */ = {isa = PBXBuildFile; fileRef = 2E91E8A12C2AC058000BFDDF /* StoreKitManager.swift */; };
		2E91E8A52C2AC058000BFDDF /* Product.storekit in Resources */ = {isa = PBXBuildFile; fileRef = 2E91E8A22C2AC058000BFDDF /* Product.storekit */; };
		2EC153DC2BF1A6AE0021BF8C /* ListView.swift in Sources */ = {isa = PBXBuildFile; fileRef = 2EC153DB2BF1A6AE0021BF8C /* ListView.swift */; };
		2EC153DE2BF1A8300021BF8C /* ListRowView.swift in Sources */ = {isa = PBXBuildFile; fileRef = 2EC153DD2BF1A8300021BF8C /* ListRowView.swift */; };
		2EC153E02BF1AA8E0021BF8C /* AddView.swift in Sources */ = {isa = PBXBuildFile; fileRef = 2EC153DF2BF1AA8E0021BF8C /* AddView.swift */; };
		2EC153E32BF1AD4C0021BF8C /* ItemModel.swift in Sources */ = {isa = PBXBuildFile; fileRef = 2EC153E22BF1AD4C0021BF8C /* ItemModel.swift */; };
		2EC153E62BF1B9420021BF8C /* ListViewModel.swift in Sources */ = {isa = PBXBuildFile; fileRef = 2EC153E52BF1B9420021BF8C /* ListViewModel.swift */; };
/* End PBXBuildFile section */

/* Begin PBXFileReference section */
		2E2FB6D32C2A7D51007C9527 /* APIManager.swift */ = {isa = PBXFileReference; lastKnownFileType = sourcecode.swift; path = APIManager.swift; sourceTree = "<group>"; };
		2E2FB6DF2C2ABB32007C9527 /* DBManager.swift */ = {isa = PBXFileReference; lastKnownFileType = sourcecode.swift; path = DBManager.swift; sourceTree = "<group>"; };
		2E2FB6E12C2ABF2D007C9527 /* PurchaseItem.swift */ = {isa = PBXFileReference; lastKnownFileType = sourcecode.swift; path = PurchaseItem.swift; sourceTree = "<group>"; };
		2E52F5502BF0FC5500AC9A68 /* TodoSwift.app */ = {isa = PBXFileReference; explicitFileType = wrapper.application; includeInIndex = 0; path = TodoSwift.app; sourceTree = BUILT_PRODUCTS_DIR; };
		2E52F5532BF0FC5500AC9A68 /* TodoSwiftApp.swift */ = {isa = PBXFileReference; lastKnownFileType = sourcecode.swift; path = TodoSwiftApp.swift; sourceTree = "<group>"; };
		2E52F5572BF0FC5A00AC9A68 /* Assets.xcassets */ = {isa = PBXFileReference; lastKnownFileType = folder.assetcatalog; path = Assets.xcassets; sourceTree = "<group>"; };
		2E52F5592BF0FC5A00AC9A68 /* TodoSwift.entitlements */ = {isa = PBXFileReference; lastKnownFileType = text.plist.entitlements; path = TodoSwift.entitlements; sourceTree = "<group>"; };
		2E52F55B2BF0FC5A00AC9A68 /* Preview Assets.xcassets */ = {isa = PBXFileReference; lastKnownFileType = folder.assetcatalog; path = "Preview Assets.xcassets"; sourceTree = "<group>"; };
		2E91E8A02C2AC057000BFDDF /* ProductList.plist */ = {isa = PBXFileReference; fileEncoding = 4; lastKnownFileType = text.plist.xml; name = ProductList.plist; path = ../../../Downloads/ProductList.plist; sourceTree = "<group>"; };
		2E91E8A12C2AC058000BFDDF /* StoreKitManager.swift */ = {isa = PBXFileReference; fileEncoding = 4; lastKnownFileType = sourcecode.swift; name = StoreKitManager.swift; path = ../../../Downloads/StoreKitManager.swift; sourceTree = "<group>"; };
		2E91E8A22C2AC058000BFDDF /* Product.storekit */ = {isa = PBXFileReference; fileEncoding = 4; lastKnownFileType = text; name = Product.storekit; path = ../../../Downloads/Product.storekit; sourceTree = "<group>"; };
		2EC153DB2BF1A6AE0021BF8C /* ListView.swift */ = {isa = PBXFileReference; lastKnownFileType = sourcecode.swift; path = ListView.swift; sourceTree = "<group>"; };
		2EC153DD2BF1A8300021BF8C /* ListRowView.swift */ = {isa = PBXFileReference; lastKnownFileType = sourcecode.swift; path = ListRowView.swift; sourceTree = "<group>"; };
		2EC153DF2BF1AA8E0021BF8C /* AddView.swift */ = {isa = PBXFileReference; lastKnownFileType = sourcecode.swift; path = AddView.swift; sourceTree = "<group>"; };
		2EC153E22BF1AD4C0021BF8C /* ItemModel.swift */ = {isa = PBXFileReference; lastKnownFileType = sourcecode.swift; path = ItemModel.swift; sourceTree = "<group>"; };
		2EC153E52BF1B9420021BF8C /* ListViewModel.swift */ = {isa = PBXFileReference; lastKnownFileType = sourcecode.swift; path = ListViewModel.swift; sourceTree = "<group>"; };
/* End PBXFileReference section */

/* Begin PBXFrameworksBuildPhase section */
		2E52F54D2BF0FC5400AC9A68 /* Frameworks */ = {
			isa = PBXFrameworksBuildPhase;
			buildActionMask = 2147483647;
			files = (
				2E2FB6DD2C2ABAB0007C9527 /* SQLite in Frameworks */,
			);
			runOnlyForDeploymentPostprocessing = 0;
		};
/* End PBXFrameworksBuildPhase section */

/* Begin PBXGroup section */
		2E2FB6D22C2A7D42007C9527 /* API */ = {
			isa = PBXGroup;
			children = (
				2E2FB6D32C2A7D51007C9527 /* APIManager.swift */,
			);
			path = API;
			sourceTree = "<group>";
		};
		2E2FB6DE2C2ABB24007C9527 /* DB */ = {
			isa = PBXGroup;
			children = (
				2E2FB6DF2C2ABB32007C9527 /* DBManager.swift */,
			);
			path = DB;
			sourceTree = "<group>";
		};
		2E52F5472BF0FC5400AC9A68 = {
			isa = PBXGroup;
			children = (
				2E91E8A22C2AC058000BFDDF /* Product.storekit */,
				2E91E8A02C2AC057000BFDDF /* ProductList.plist */,
				2E91E8A12C2AC058000BFDDF /* StoreKitManager.swift */,
				2E52F5522BF0FC5500AC9A68 /* TodoSwift */,
				2E52F5512BF0FC5500AC9A68 /* Products */,
			);
			sourceTree = "<group>";
		};
		2E52F5512BF0FC5500AC9A68 /* Products */ = {
			isa = PBXGroup;
			children = (
				2E52F5502BF0FC5500AC9A68 /* TodoSwift.app */,
			);
			name = Products;
			sourceTree = "<group>";
		};
		2E52F5522BF0FC5500AC9A68 /* TodoSwift */ = {
			isa = PBXGroup;
			children = (
				2E2FB6DE2C2ABB24007C9527 /* DB */,
				2E2FB6D22C2A7D42007C9527 /* API */,
				2EC153E42BF1B9200021BF8C /* viewModels */,
				2EC153E12BF1AD370021BF8C /* models */,
				2EC153DA2BF1A69A0021BF8C /* views */,
				2E52F5532BF0FC5500AC9A68 /* TodoSwiftApp.swift */,
				2E52F5572BF0FC5A00AC9A68 /* Assets.xcassets */,
				2E52F5592BF0FC5A00AC9A68 /* TodoSwift.entitlements */,
				2E52F55A2BF0FC5A00AC9A68 /* Preview Content */,
			);
			path = TodoSwift;
			sourceTree = "<group>";
		};
		2E52F55A2BF0FC5A00AC9A68 /* Preview Content */ = {
			isa = PBXGroup;
			children = (
				2E52F55B2BF0FC5A00AC9A68 /* Preview Assets.xcassets */,
			);
			path = "Preview Content";
			sourceTree = "<group>";
		};
		2EC153DA2BF1A69A0021BF8C /* views */ = {
			isa = PBXGroup;
			children = (
				2EC153DB2BF1A6AE0021BF8C /* ListView.swift */,
				2EC153DD2BF1A8300021BF8C /* ListRowView.swift */,
				2EC153DF2BF1AA8E0021BF8C /* AddView.swift */,
				2E2FB6E12C2ABF2D007C9527 /* PurchaseItem.swift */,
			);
			path = views;
			sourceTree = "<group>";
		};
		2EC153E12BF1AD370021BF8C /* models */ = {
			isa = PBXGroup;
			children = (
				2EC153E22BF1AD4C0021BF8C /* ItemModel.swift */,
			);
			path = models;
			sourceTree = "<group>";
		};
		2EC153E42BF1B9200021BF8C /* viewModels */ = {
			isa = PBXGroup;
			children = (
				2EC153E52BF1B9420021BF8C /* ListViewModel.swift */,
			);
			path = viewModels;
			sourceTree = "<group>";
		};
/* End PBXGroup section */

/* Begin PBXNativeTarget section */
		2E52F54F2BF0FC5400AC9A68 /* TodoSwift */ = {
			isa = PBXNativeTarget;
			buildConfigurationList = 2E52F55F2BF0FC5A00AC9A68 /* Build configuration list for PBXNativeTarget "TodoSwift" */;
			buildPhases = (
				2E52F54C2BF0FC5400AC9A68 /* Sources */,
				2E52F54D2BF0FC5400AC9A68 /* Frameworks */,
				2E52F54E2BF0FC5400AC9A68 /* Resources */,
			);
			buildRules = (
			);
			dependencies = (
			);
			name = TodoSwift;
			packageProductDependencies = (
				2E2FB6DC2C2ABAB0007C9527 /* SQLite */,
			);
			productName = TodoSwift;
			productReference = 2E52F5502BF0FC5500AC9A68 /* TodoSwift.app */;
			productType = "com.apple.product-type.application";
		};
/* End PBXNativeTarget section */

/* Begin PBXProject section */
		2E52F5482BF0FC5400AC9A68 /* Project object */ = {
			isa = PBXProject;
			attributes = {
				BuildIndependentTargetsInParallel = 1;
				LastSwiftUpdateCheck = 1530;
				LastUpgradeCheck = 1530;
				TargetAttributes = {
					2E52F54F2BF0FC5400AC9A68 = {
						CreatedOnToolsVersion = 15.3;
					};
				};
			};
			buildConfigurationList = 2E52F54B2BF0FC5400AC9A68 /* Build configuration list for PBXProject "TodoSwift" */;
			compatibilityVersion = "Xcode 14.0";
			developmentRegion = en;
			hasScannedForEncodings = 0;
			knownRegions = (
				en,
				Base,
			);
			mainGroup = 2E52F5472BF0FC5400AC9A68;
			packageReferences = (
				2E2FB6DB2C2ABAB0007C9527 /* XCRemoteSwiftPackageReference "SQLite.swift" */,
			);
			productRefGroup = 2E52F5512BF0FC5500AC9A68 /* Products */;
			projectDirPath = "";
			projectRoot = "";
			targets = (
				2E52F54F2BF0FC5400AC9A68 /* TodoSwift */,
			);
		};
/* End PBXProject section */

/* Begin PBXResourcesBuildPhase section */
		2E52F54E2BF0FC5400AC9A68 /* Resources */ = {
			isa = PBXResourcesBuildPhase;
			buildActionMask = 2147483647;
			files = (
				2E91E8A52C2AC058000BFDDF /* Product.storekit in Resources */,
				2E91E8A32C2AC058000BFDDF /* ProductList.plist in Resources */,
				2E52F55C2BF0FC5A00AC9A68 /* Preview Assets.xcassets in Resources */,
				2E52F5582BF0FC5A00AC9A68 /* Assets.xcassets in Resources */,
			);
			runOnlyForDeploymentPostprocessing = 0;
		};
/* End PBXResourcesBuildPhase section */

/* Begin PBXSourcesBuildPhase section */
		2E52F54C2BF0FC5400AC9A68 /* Sources */ = {
			isa = PBXSourcesBuildPhase;
			buildActionMask = 2147483647;
			files = (
				2EC153E32BF1AD4C0021BF8C /* ItemModel.swift in Sources */,
				2EC153E02BF1AA8E0021BF8C /* AddView.swift in Sources */,
				2EC153E62BF1B9420021BF8C /* ListViewModel.swift in Sources */,
				2E2FB6E02C2ABB32007C9527 /* DBManager.swift in Sources */,
				2E91E8A42C2AC058000BFDDF /* StoreKitManager.swift in Sources */,
				2E52F5542BF0FC5500AC9A68 /* TodoSwiftApp.swift in Sources */,
				2EC153DC2BF1A6AE0021BF8C /* ListView.swift in Sources */,
				2EC153DE2BF1A8300021BF8C /* ListRowView.swift in Sources */,
				2E2FB6D42C2A7D51007C9527 /* APIManager.swift in Sources */,
				2E2FB6E22C2ABF2D007C9527 /* PurchaseItem.swift in Sources */,
			);
			runOnlyForDeploymentPostprocessing = 0;
		};
/* End PBXSourcesBuildPhase section */

/* Begin XCBuildConfiguration section */
		2E52F55D2BF0FC5A00AC9A68 /* Debug */ = {
			isa = XCBuildConfiguration;
			buildSettings = {
				ALWAYS_SEARCH_USER_PATHS = NO;
				ASSETCATALOG_COMPILER_GENERATE_SWIFT_ASSET_SYMBOL_EXTENSIONS = YES;
				CLANG_ANALYZER_NONNULL = YES;
				CLANG_ANALYZER_NUMBER_OBJECT_CONVERSION = YES_AGGRESSIVE;
				CLANG_CXX_LANGUAGE_STANDARD = "gnu++20";
				CLANG_ENABLE_MODULES = YES;
				CLANG_ENABLE_OBJC_ARC = YES;
				CLANG_ENABLE_OBJC_WEAK = YES;
				CLANG_WARN_BLOCK_CAPTURE_AUTORELEASING = YES;
				CLANG_WARN_BOOL_CONVERSION = YES;
				CLANG_WARN_COMMA = YES;
				CLANG_WARN_CONSTANT_CONVERSION = YES;
				CLANG_WARN_DEPRECATED_OBJC_IMPLEMENTATIONS = YES;
				CLANG_WARN_DIRECT_OBJC_ISA_USAGE = YES_ERROR;
				CLANG_WARN_DOCUMENTATION_COMMENTS = YES;
				CLANG_WARN_EMPTY_BODY = YES;
				CLANG_WARN_ENUM_CONVERSION = YES;
				CLANG_WARN_INFINITE_RECURSION = YES;
				CLANG_WARN_INT_CONVERSION = YES;
				CLANG_WARN_NON_LITERAL_NULL_CONVERSION = YES;
				CLANG_WARN_OBJC_IMPLICIT_RETAIN_SELF = YES;
				CLANG_WARN_OBJC_LITERAL_CONVERSION = YES;
				CLANG_WARN_OBJC_ROOT_CLASS = YES_ERROR;
				CLANG_WARN_QUOTED_INCLUDE_IN_FRAMEWORK_HEADER = YES;
				CLANG_WARN_RANGE_LOOP_ANALYSIS = YES;
				CLANG_WARN_STRICT_PROTOTYPES = YES;
				CLANG_WARN_SUSPICIOUS_MOVE = YES;
				CLANG_WARN_UNGUARDED_AVAILABILITY = YES_AGGRESSIVE;
				CLANG_WARN_UNREACHABLE_CODE = YES;
				CLANG_WARN__DUPLICATE_METHOD_MATCH = YES;
				COPY_PHASE_STRIP = NO;
				DEBUG_INFORMATION_FORMAT = dwarf;
				ENABLE_STRICT_OBJC_MSGSEND = YES;
				ENABLE_TESTABILITY = YES;
				ENABLE_USER_SCRIPT_SANDBOXING = YES;
				GCC_C_LANGUAGE_STANDARD = gnu17;
				GCC_DYNAMIC_NO_PIC = NO;
				GCC_NO_COMMON_BLOCKS = YES;
				GCC_OPTIMIZATION_LEVEL = 0;
				GCC_PREPROCESSOR_DEFINITIONS = (
					"DEBUG=1",
					"$(inherited)",
				);
				GCC_WARN_64_TO_32_BIT_CONVERSION = YES;
				GCC_WARN_ABOUT_RETURN_TYPE = YES_ERROR;
				GCC_WARN_UNDECLARED_SELECTOR = YES;
				GCC_WARN_UNINITIALIZED_AUTOS = YES_AGGRESSIVE;
				GCC_WARN_UNUSED_FUNCTION = YES;
				GCC_WARN_UNUSED_VARIABLE = YES;
				LOCALIZATION_PREFERS_STRING_CATALOGS = YES;
				MTL_ENABLE_DEBUG_INFO = INCLUDE_SOURCE;
				MTL_FAST_MATH = YES;
				ONLY_ACTIVE_ARCH = YES;
				SWIFT_ACTIVE_COMPILATION_CONDITIONS = "DEBUG $(inherited)";
				SWIFT_OPTIMIZATION_LEVEL = "-Onone";
			};
			name = Debug;
		};
		2E52F55E2BF0FC5A00AC9A68 /* Release */ = {
			isa = XCBuildConfiguration;
			buildSettings = {
				ALWAYS_SEARCH_USER_PATHS = NO;
				ASSETCATALOG_COMPILER_GENERATE_SWIFT_ASSET_SYMBOL_EXTENSIONS = YES;
				CLANG_ANALYZER_NONNULL = YES;
				CLANG_ANALYZER_NUMBER_OBJECT_CONVERSION = YES_AGGRESSIVE;
				CLANG_CXX_LANGUAGE_STANDARD = "gnu++20";
				CLANG_ENABLE_MODULES = YES;
				CLANG_ENABLE_OBJC_ARC = YES;
				CLANG_ENABLE_OBJC_WEAK = YES;
				CLANG_WARN_BLOCK_CAPTURE_AUTORELEASING = YES;
				CLANG_WARN_BOOL_CONVERSION = YES;
				CLANG_WARN_COMMA = YES;
				CLANG_WARN_CONSTANT_CONVERSION = YES;
				CLANG_WARN_DEPRECATED_OBJC_IMPLEMENTATIONS = YES;
				CLANG_WARN_DIRECT_OBJC_ISA_USAGE = YES_ERROR;
				CLANG_WARN_DOCUMENTATION_COMMENTS = YES;
				CLANG_WARN_EMPTY_BODY = YES;
				CLANG_WARN_ENUM_CONVERSION = YES;
				CLANG_WARN_INFINITE_RECURSION = YES;
				CLANG_WARN_INT_CONVERSION = YES;
				CLANG_WARN_NON_LITERAL_NULL_CONVERSION = YES;
				CLANG_WARN_OBJC_IMPLICIT_RETAIN_SELF = YES;
				CLANG_WARN_OBJC_LITERAL_CONVERSION = YES;
				CLANG_WARN_OBJC_ROOT_CLASS = YES_ERROR;
				CLANG_WARN_QUOTED_INCLUDE_IN_FRAMEWORK_HEADER = YES;
				CLANG_WARN_RANGE_LOOP_ANALYSIS = YES;
				CLANG_WARN_STRICT_PROTOTYPES = YES;
				CLANG_WARN_SUSPICIOUS_MOVE = YES;
				CLANG_WARN_UNGUARDED_AVAILABILITY = YES_AGGRESSIVE;
				CLANG_WARN_UNREACHABLE_CODE = YES;
				CLANG_WARN__DUPLICATE_METHOD_MATCH = YES;
				COPY_PHASE_STRIP = NO;
				DEBUG_INFORMATION_FORMAT = "dwarf-with-dsym";
				ENABLE_NS_ASSERTIONS = NO;
				ENABLE_STRICT_OBJC_MSGSEND = YES;
				ENABLE_USER_SCRIPT_SANDBOXING = YES;
				GCC_C_LANGUAGE_STANDARD = gnu17;
				GCC_NO_COMMON_BLOCKS = YES;
				GCC_WARN_64_TO_32_BIT_CONVERSION = YES;
				GCC_WARN_ABOUT_RETURN_TYPE = YES_ERROR;
				GCC_WARN_UNDECLARED_SELECTOR = YES;
				GCC_WARN_UNINITIALIZED_AUTOS = YES_AGGRESSIVE;
				GCC_WARN_UNUSED_FUNCTION = YES;
				GCC_WARN_UNUSED_VARIABLE = YES;
				LOCALIZATION_PREFERS_STRING_CATALOGS = YES;
				MTL_ENABLE_DEBUG_INFO = NO;
				MTL_FAST_MATH = YES;
				SWIFT_COMPILATION_MODE = wholemodule;
			};
			name = Release;
		};
		2E52F5602BF0FC5A00AC9A68 /* Debug */ = {
			isa = XCBuildConfiguration;
			buildSettings = {
				ASSETCATALOG_COMPILER_APPICON_NAME = AppIcon;
				ASSETCATALOG_COMPILER_GLOBAL_ACCENT_COLOR_NAME = AccentColor;
				CODE_SIGN_ENTITLEMENTS = TodoSwift/TodoSwift.entitlements;
				CODE_SIGN_STYLE = Automatic;
				CURRENT_PROJECT_VERSION = 1;
				DEVELOPMENT_ASSET_PATHS = "\"TodoSwift/Preview Content\"";
				ENABLE_PREVIEWS = YES;
				GENERATE_INFOPLIST_FILE = YES;
				"INFOPLIST_KEY_UIApplicationSceneManifest_Generation[sdk=iphoneos*]" = YES;
				"INFOPLIST_KEY_UIApplicationSceneManifest_Generation[sdk=iphonesimulator*]" = YES;
				"INFOPLIST_KEY_UIApplicationSupportsIndirectInputEvents[sdk=iphoneos*]" = YES;
				"INFOPLIST_KEY_UIApplicationSupportsIndirectInputEvents[sdk=iphonesimulator*]" = YES;
				"INFOPLIST_KEY_UILaunchScreen_Generation[sdk=iphoneos*]" = YES;
				"INFOPLIST_KEY_UILaunchScreen_Generation[sdk=iphonesimulator*]" = YES;
				"INFOPLIST_KEY_UIStatusBarStyle[sdk=iphoneos*]" = UIStatusBarStyleDefault;
				"INFOPLIST_KEY_UIStatusBarStyle[sdk=iphonesimulator*]" = UIStatusBarStyleDefault;
				INFOPLIST_KEY_UISupportedInterfaceOrientations_iPad = "UIInterfaceOrientationPortrait UIInterfaceOrientationPortraitUpsideDown UIInterfaceOrientationLandscapeLeft UIInterfaceOrientationLandscapeRight";
				INFOPLIST_KEY_UISupportedInterfaceOrientations_iPhone = "UIInterfaceOrientationPortrait UIInterfaceOrientationLandscapeLeft UIInterfaceOrientationLandscapeRight";
				IPHONEOS_DEPLOYMENT_TARGET = 17.4;
				LD_RUNPATH_SEARCH_PATHS = "@executable_path/Frameworks";
				"LD_RUNPATH_SEARCH_PATHS[sdk=macosx*]" = "@executable_path/../Frameworks";
				MACOSX_DEPLOYMENT_TARGET = 14.4;
				MARKETING_VERSION = 1.0;
				PRODUCT_BUNDLE_IDENTIFIER = com.kathir.TodoSwift;
				PRODUCT_NAME = "$(TARGET_NAME)";
				SDKROOT = auto;
				SUPPORTED_PLATFORMS = "iphoneos iphonesimulator macosx";
				SWIFT_EMIT_LOC_STRINGS = YES;
				SWIFT_VERSION = 5.0;
				TARGETED_DEVICE_FAMILY = "1,2";
			};
			name = Debug;
		};
		2E52F5612BF0FC5A00AC9A68 /* Release */ = {
			isa = XCBuildConfiguration;
			buildSettings = {
				ASSETCATALOG_COMPILER_APPICON_NAME = AppIcon;
				ASSETCATALOG_COMPILER_GLOBAL_ACCENT_COLOR_NAME = AccentColor;
				CODE_SIGN_ENTITLEMENTS = TodoSwift/TodoSwift.entitlements;
				CODE_SIGN_STYLE = Automatic;
				CURRENT_PROJECT_VERSION = 1;
				DEVELOPMENT_ASSET_PATHS = "\"TodoSwift/Preview Content\"";
				ENABLE_PREVIEWS = YES;
				GENERATE_INFOPLIST_FILE = YES;
				"INFOPLIST_KEY_UIApplicationSceneManifest_Generation[sdk=iphoneos*]" = YES;
				"INFOPLIST_KEY_UIApplicationSceneManifest_Generation[sdk=iphonesimulator*]" = YES;
				"INFOPLIST_KEY_UIApplicationSupportsIndirectInputEvents[sdk=iphoneos*]" = YES;
				"INFOPLIST_KEY_UIApplicationSupportsIndirectInputEvents[sdk=iphonesimulator*]" = YES;
				"INFOPLIST_KEY_UILaunchScreen_Generation[sdk=iphoneos*]" = YES;
				"INFOPLIST_KEY_UILaunchScreen_Generation[sdk=iphonesimulator*]" = YES;
				"INFOPLIST_KEY_UIStatusBarStyle[sdk=iphoneos*]" = UIStatusBarStyleDefault;
				"INFOPLIST_KEY_UIStatusBarStyle[sdk=iphonesimulator*]" = UIStatusBarStyleDefault;
				INFOPLIST_KEY_UISupportedInterfaceOrientations_iPad = "UIInterfaceOrientationPortrait UIInterfaceOrientationPortraitUpsideDown UIInterfaceOrientationLandscapeLeft UIInterfaceOrientationLandscapeRight";
				INFOPLIST_KEY_UISupportedInterfaceOrientations_iPhone = "UIInterfaceOrientationPortrait UIInterfaceOrientationLandscapeLeft UIInterfaceOrientationLandscapeRight";
				IPHONEOS_DEPLOYMENT_TARGET = 17.4;
				LD_RUNPATH_SEARCH_PATHS = "@executable_path/Frameworks";
				"LD_RUNPATH_SEARCH_PATHS[sdk=macosx*]" = "@executable_path/../Frameworks";
				MACOSX_DEPLOYMENT_TARGET = 14.4;
				MARKETING_VERSION = 1.0;
				PRODUCT_BUNDLE_IDENTIFIER = com.kathir.TodoSwift;
				PRODUCT_NAME = "$(TARGET_NAME)";
				SDKROOT = auto;
				SUPPORTED_PLATFORMS = "iphoneos iphonesimulator macosx";
				SWIFT_EMIT_LOC_STRINGS = YES;
				SWIFT_VERSION = 5.0;
				TARGETED_DEVICE_FAMILY = "1,2";
			};
			name = Release;
		};
/* End XCBuildConfiguration section */

/* Begin XCConfigurationList section */
		2E52F54B2BF0FC5400AC9A68 /* Build configuration list for PBXProject "TodoSwift" */ = {
			isa = XCConfigurationList;
			buildConfigurations = (
				2E52F55D2BF0FC5A00AC9A68 /* Debug */,
				2E52F55E2BF0FC5A00AC9A68 /* Release */,
			);
			defaultConfigurationIsVisible = 0;
			defaultConfigurationName = Release;
		};
		2E52F55F2BF0FC5A00AC9A68 /* Build configuration list for PBXNativeTarget "TodoSwift" */ = {
			isa = XCConfigurationList;
			buildConfigurations = (
				2E52F5602BF0FC5A00AC9A68 /* Debug */,
				2E52F5612BF0FC5A00AC9A68 /* Release */,
			);
			defaultConfigurationIsVisible = 0;
			defaultConfigurationName = Release;
		};
/* End XCConfigurationList section */

/* Begin XCRemoteSwiftPackageReference section */
		2E2FB6DB2C2ABAB0007C9527 /* XCRemoteSwiftPackageReference "SQLite.swift" */ = {
			isa = XCRemoteSwiftPackageReference;
			repositoryURL = "https://github.com/stephencelis/SQLite.swift.git";
			requirement = {
				kind = upToNextMajorVersion;
				minimumVersion = 0.15.3;
			};
		};
/* End XCRemoteSwiftPackageReference section */

/* Begin XCSwiftPackageProductDependency section */
		2E2FB6DC2C2ABAB0007C9527 /* SQLite */ = {
			isa = XCSwiftPackageProductDependency;
			package = 2E2FB6DB2C2ABAB0007C9527 /* XCRemoteSwiftPackageReference "SQLite.swift" */;
			productName = SQLite;
		};
/* End XCSwiftPackageProductDependency section */
	};
	rootObject = 2E52F5482BF0FC5400AC9A68 /* Project object */;
}
